// !$*UTF8*$!
{
	archiveVersion = 1;
	classes = {
	};
	objectVersion = 50;
	objects = {

/* Begin PBXBuildFile section */
		D875AFFB264B533200FF3852 /* AppDelegate.swift in Sources */ = {isa = PBXBuildFile; fileRef = D875AFFA264B533200FF3852 /* AppDelegate.swift */; };
		D875AFFD264B533200FF3852 /* SceneDelegate.swift in Sources */ = {isa = PBXBuildFile; fileRef = D875AFFC264B533200FF3852 /* SceneDelegate.swift */; };
		D875AFFF264B533200FF3852 /* ViewController.swift in Sources */ = {isa = PBXBuildFile; fileRef = D875AFFE264B533200FF3852 /* ViewController.swift */; };
		D875B002264B533200FF3852 /* Main.storyboard in Resources */ = {isa = PBXBuildFile; fileRef = D875B000264B533200FF3852 /* Main.storyboard */; };
		D875B005264B533200FF3852 /* Emojional.xcdatamodeld in Sources */ = {isa = PBXBuildFile; fileRef = D875B003264B533200FF3852 /* Emojional.xcdatamodeld */; };
		D875B007264B533700FF3852 /* Assets.xcassets in Resources */ = {isa = PBXBuildFile; fileRef = D875B006264B533700FF3852 /* Assets.xcassets */; };
		D875B00A264B533700FF3852 /* LaunchScreen.storyboard in Resources */ = {isa = PBXBuildFile; fileRef = D875B008264B533700FF3852 /* LaunchScreen.storyboard */; };
		D875B015264B533800FF3852 /* EmojionalTests.swift in Sources */ = {isa = PBXBuildFile; fileRef = D875B014264B533800FF3852 /* EmojionalTests.swift */; };
		D875B020264B533800FF3852 /* EmojionalUITests.swift in Sources */ = {isa = PBXBuildFile; fileRef = D875B01F264B533800FF3852 /* EmojionalUITests.swift */; };
/* End PBXBuildFile section */

/* Begin PBXContainerItemProxy section */
		D875B011264B533700FF3852 /* PBXContainerItemProxy */ = {
			isa = PBXContainerItemProxy;
			containerPortal = D875AFEF264B533200FF3852 /* Project object */;
			proxyType = 1;
			remoteGlobalIDString = D875AFF6264B533200FF3852;
			remoteInfo = Emojional;
		};
		D875B01C264B533800FF3852 /* PBXContainerItemProxy */ = {
			isa = PBXContainerItemProxy;
			containerPortal = D875AFEF264B533200FF3852 /* Project object */;
			proxyType = 1;
			remoteGlobalIDString = D875AFF6264B533200FF3852;
			remoteInfo = Emojional;
		};
/* End PBXContainerItemProxy section */

/* Begin PBXFileReference section */
		D875AFF7264B533200FF3852 /* Emojional.app */ = {isa = PBXFileReference; explicitFileType = wrapper.application; includeInIndex = 0; path = Emojional.app; sourceTree = BUILT_PRODUCTS_DIR; };
		D875AFFA264B533200FF3852 /* AppDelegate.swift */ = {isa = PBXFileReference; lastKnownFileType = sourcecode.swift; path = AppDelegate.swift; sourceTree = "<group>"; };
		D875AFFC264B533200FF3852 /* SceneDelegate.swift */ = {isa = PBXFileReference; lastKnownFileType = sourcecode.swift; path = SceneDelegate.swift; sourceTree = "<group>"; };
		D875AFFE264B533200FF3852 /* ViewController.swift */ = {isa = PBXFileReference; lastKnownFileType = sourcecode.swift; path = ViewController.swift; sourceTree = "<group>"; };
		D875B001264B533200FF3852 /* Base */ = {isa = PBXFileReference; lastKnownFileType = file.storyboard; name = Base; path = Base.lproj/Main.storyboard; sourceTree = "<group>"; };
		D875B004264B533200FF3852 /* Emojional.xcdatamodel */ = {isa = PBXFileReference; lastKnownFileType = wrapper.xcdatamodel; path = Emojional.xcdatamodel; sourceTree = "<group>"; };
		D875B006264B533700FF3852 /* Assets.xcassets */ = {isa = PBXFileReference; lastKnownFileType = folder.assetcatalog; path = Assets.xcassets; sourceTree = "<group>"; };
		D875B009264B533700FF3852 /* Base */ = {isa = PBXFileReference; lastKnownFileType = file.storyboard; name = Base; path = Base.lproj/LaunchScreen.storyboard; sourceTree = "<group>"; };
		D875B00B264B533700FF3852 /* Info.plist */ = {isa = PBXFileReference; lastKnownFileType = text.plist.xml; path = Info.plist; sourceTree = "<group>"; };
		D875B010264B533700FF3852 /* EmojionalTests.xctest */ = {isa = PBXFileReference; explicitFileType = wrapper.cfbundle; includeInIndex = 0; path = EmojionalTests.xctest; sourceTree = BUILT_PRODUCTS_DIR; };
		D875B014264B533800FF3852 /* EmojionalTests.swift */ = {isa = PBXFileReference; lastKnownFileType = sourcecode.swift; path = EmojionalTests.swift; sourceTree = "<group>"; };
		D875B016264B533800FF3852 /* Info.plist */ = {isa = PBXFileReference; lastKnownFileType = text.plist.xml; path = Info.plist; sourceTree = "<group>"; };
		D875B01B264B533800FF3852 /* EmojionalUITests.xctest */ = {isa = PBXFileReference; explicitFileType = wrapper.cfbundle; includeInIndex = 0; path = EmojionalUITests.xctest; sourceTree = BUILT_PRODUCTS_DIR; };
		D875B01F264B533800FF3852 /* EmojionalUITests.swift */ = {isa = PBXFileReference; lastKnownFileType = sourcecode.swift; path = EmojionalUITests.swift; sourceTree = "<group>"; };
		D875B021264B533800FF3852 /* Info.plist */ = {isa = PBXFileReference; lastKnownFileType = text.plist.xml; path = Info.plist; sourceTree = "<group>"; };
/* End PBXFileReference section */

/* Begin PBXFrameworksBuildPhase section */
		D875AFF4264B533200FF3852 /* Frameworks */ = {
			isa = PBXFrameworksBuildPhase;
			buildActionMask = 2147483647;
			files = (
			);
			runOnlyForDeploymentPostprocessing = 0;
		};
		D875B00D264B533700FF3852 /* Frameworks */ = {
			isa = PBXFrameworksBuildPhase;
			buildActionMask = 2147483647;
			files = (
			);
			runOnlyForDeploymentPostprocessing = 0;
		};
		D875B018264B533800FF3852 /* Frameworks */ = {
			isa = PBXFrameworksBuildPhase;
			buildActionMask = 2147483647;
			files = (
			);
			runOnlyForDeploymentPostprocessing = 0;
		};
/* End PBXFrameworksBuildPhase section */

/* Begin PBXGroup section */
		D875AFEE264B533200FF3852 = {
			isa = PBXGroup;
			children = (
				D875AFF9264B533200FF3852 /* Emojional */,
				D875B013264B533700FF3852 /* EmojionalTests */,
				D875B01E264B533800FF3852 /* EmojionalUITests */,
				D875AFF8264B533200FF3852 /* Products */,
			);
			sourceTree = "<group>";
		};
		D875AFF8264B533200FF3852 /* Products */ = {
			isa = PBXGroup;
			children = (
				D875AFF7264B533200FF3852 /* Emojional.app */,
				D875B010264B533700FF3852 /* EmojionalTests.xctest */,
				D875B01B264B533800FF3852 /* EmojionalUITests.xctest */,
			);
			name = Products;
			sourceTree = "<group>";
		};
		D875AFF9264B533200FF3852 /* Emojional */ = {
			isa = PBXGroup;
			children = (
				D875AFFA264B533200FF3852 /* AppDelegate.swift */,
				D875AFFC264B533200FF3852 /* SceneDelegate.swift */,
				D875AFFE264B533200FF3852 /* ViewController.swift */,
				D875B000264B533200FF3852 /* Main.storyboard */,
				D875B006264B533700FF3852 /* Assets.xcassets */,
				D875B008264B533700FF3852 /* LaunchScreen.storyboard */,
				D875B00B264B533700FF3852 /* Info.plist */,
				D875B003264B533200FF3852 /* Emojional.xcdatamodeld */,
			);
			path = Emojional;
			sourceTree = "<group>";
		};
		D875B013264B533700FF3852 /* EmojionalTests */ = {
			isa = PBXGroup;
			children = (
				D875B014264B533800FF3852 /* EmojionalTests.swift */,
				D875B016264B533800FF3852 /* Info.plist */,
			);
			path = EmojionalTests;
			sourceTree = "<group>";
		};
		D875B01E264B533800FF3852 /* EmojionalUITests */ = {
			isa = PBXGroup;
			children = (
				D875B01F264B533800FF3852 /* EmojionalUITests.swift */,
				D875B021264B533800FF3852 /* Info.plist */,
			);
			path = EmojionalUITests;
			sourceTree = "<group>";
		};
/* End PBXGroup section */

/* Begin PBXNativeTarget section */
		D875AFF6264B533200FF3852 /* Emojional */ = {
			isa = PBXNativeTarget;
			buildConfigurationList = D875B024264B533800FF3852 /* Build configuration list for PBXNativeTarget "Emojional" */;
			buildPhases = (
				D875AFF3264B533200FF3852 /* Sources */,
				D875AFF4264B533200FF3852 /* Frameworks */,
				D875AFF5264B533200FF3852 /* Resources */,
			);
			buildRules = (
			);
			dependencies = (
			);
			name = Emojional;
			productName = Emojional;
			productReference = D875AFF7264B533200FF3852 /* Emojional.app */;
			productType = "com.apple.product-type.application";
		};
		D875B00F264B533700FF3852 /* EmojionalTests */ = {
			isa = PBXNativeTarget;
			buildConfigurationList = D875B027264B533800FF3852 /* Build configuration list for PBXNativeTarget "EmojionalTests" */;
			buildPhases = (
				D875B00C264B533700FF3852 /* Sources */,
				D875B00D264B533700FF3852 /* Frameworks */,
				D875B00E264B533700FF3852 /* Resources */,
			);
			buildRules = (
			);
			dependencies = (
				D875B012264B533700FF3852 /* PBXTargetDependency */,
			);
			name = EmojionalTests;
			productName = EmojionalTests;
			productReference = D875B010264B533700FF3852 /* EmojionalTests.xctest */;
			productType = "com.apple.product-type.bundle.unit-test";
		};
		D875B01A264B533800FF3852 /* EmojionalUITests */ = {
			isa = PBXNativeTarget;
			buildConfigurationList = D875B02A264B533800FF3852 /* Build configuration list for PBXNativeTarget "EmojionalUITests" */;
			buildPhases = (
				D875B017264B533800FF3852 /* Sources */,
				D875B018264B533800FF3852 /* Frameworks */,
				D875B019264B533800FF3852 /* Resources */,
			);
			buildRules = (
			);
			dependencies = (
				D875B01D264B533800FF3852 /* PBXTargetDependency */,
			);
			name = EmojionalUITests;
			productName = EmojionalUITests;
			productReference = D875B01B264B533800FF3852 /* EmojionalUITests.xctest */;
			productType = "com.apple.product-type.bundle.ui-testing";
		};
/* End PBXNativeTarget section */

/* Begin PBXProject section */
		D875AFEF264B533200FF3852 /* Project object */ = {
			isa = PBXProject;
			attributes = {
				LastSwiftUpdateCheck = 1150;
				LastUpgradeCheck = 1150;
				ORGANIZATIONNAME = "Julianne Chen";
				TargetAttributes = {
					D875AFF6264B533200FF3852 = {
						CreatedOnToolsVersion = 11.5;
					};
					D875B00F264B533700FF3852 = {
						CreatedOnToolsVersion = 11.5;
						TestTargetID = D875AFF6264B533200FF3852;
					};
					D875B01A264B533800FF3852 = {
						CreatedOnToolsVersion = 11.5;
						TestTargetID = D875AFF6264B533200FF3852;
					};
				};
			};
			buildConfigurationList = D875AFF2264B533200FF3852 /* Build configuration list for PBXProject "Emojional" */;
			compatibilityVersion = "Xcode 9.3";
			developmentRegion = en;
			hasScannedForEncodings = 0;
			knownRegions = (
				en,
				Base,
			);
			mainGroup = D875AFEE264B533200FF3852;
			productRefGroup = D875AFF8264B533200FF3852 /* Products */;
			projectDirPath = "";
			projectRoot = "";
			targets = (
				D875AFF6264B533200FF3852 /* Emojional */,
				D875B00F264B533700FF3852 /* EmojionalTests */,
				D875B01A264B533800FF3852 /* EmojionalUITests */,
			);
		};
/* End PBXProject section */

/* Begin PBXResourcesBuildPhase section */
		D875AFF5264B533200FF3852 /* Resources */ = {
			isa = PBXResourcesBuildPhase;
			buildActionMask = 2147483647;
			files = (
				D875B00A264B533700FF3852 /* LaunchScreen.storyboard in Resources */,
				D875B007264B533700FF3852 /* Assets.xcassets in Resources */,
				D875B002264B533200FF3852 /* Main.storyboard in Resources */,
			);
			runOnlyForDeploymentPostprocessing = 0;
		};
		D875B00E264B533700FF3852 /* Resources */ = {
			isa = PBXResourcesBuildPhase;
			buildActionMask = 2147483647;
			files = (
			);
			runOnlyForDeploymentPostprocessing = 0;
		};
		D875B019264B533800FF3852 /* Resources */ = {
			isa = PBXResourcesBuildPhase;
			buildActionMask = 2147483647;
			files = (
			);
			runOnlyForDeploymentPostprocessing = 0;
		};
/* End PBXResourcesBuildPhase section */

/* Begin PBXSourcesBuildPhase section */
		D875AFF3264B533200FF3852 /* Sources */ = {
			isa = PBXSourcesBuildPhase;
			buildActionMask = 2147483647;
			files = (
				D875B005264B533200FF3852 /* Emojional.xcdatamodeld in Sources */,
				D875AFFF264B533200FF3852 /* ViewController.swift in Sources */,
				D875AFFB264B533200FF3852 /* AppDelegate.swift in Sources */,
				D875AFFD264B533200FF3852 /* SceneDelegate.swift in Sources */,
			);
			runOnlyForDeploymentPostprocessing = 0;
		};
		D875B00C264B533700FF3852 /* Sources */ = {
			isa = PBXSourcesBuildPhase;
			buildActionMask = 2147483647;
			files = (
				D875B015264B533800FF3852 /* EmojionalTests.swift in Sources */,
			);
			runOnlyForDeploymentPostprocessing = 0;
		};
		D875B017264B533800FF3852 /* Sources */ = {
			isa = PBXSourcesBuildPhase;
			buildActionMask = 2147483647;
			files = (
				D875B020264B533800FF3852 /* EmojionalUITests.swift in Sources */,
			);
			runOnlyForDeploymentPostprocessing = 0;
		};
/* End PBXSourcesBuildPhase section */

/* Begin PBXTargetDependency section */
		D875B012264B533700FF3852 /* PBXTargetDependency */ = {
			isa = PBXTargetDependency;
			target = D875AFF6264B533200FF3852 /* Emojional */;
			targetProxy = D875B011264B533700FF3852 /* PBXContainerItemProxy */;
		};
		D875B01D264B533800FF3852 /* PBXTargetDependency */ = {
			isa = PBXTargetDependency;
			target = D875AFF6264B533200FF3852 /* Emojional */;
			targetProxy = D875B01C264B533800FF3852 /* PBXContainerItemProxy */;
		};
/* End PBXTargetDependency section */

/* Begin PBXVariantGroup section */
		D875B000264B533200FF3852 /* Main.storyboard */ = {
			isa = PBXVariantGroup;
			children = (
				D875B001264B533200FF3852 /* Base */,
			);
			name = Main.storyboard;
			sourceTree = "<group>";
		};
		D875B008264B533700FF3852 /* LaunchScreen.storyboard */ = {
			isa = PBXVariantGroup;
			children = (
				D875B009264B533700FF3852 /* Base */,
			);
			name = LaunchScreen.storyboard;
			sourceTree = "<group>";
		};
/* End PBXVariantGroup section */

/* Begin XCBuildConfiguration section */
		D875B022264B533800FF3852 /* Debug */ = {
			isa = XCBuildConfiguration;
			buildSettings = {
				ALWAYS_SEARCH_USER_PATHS = NO;
				CLANG_ANALYZER_NONNULL = YES;
				CLANG_ANALYZER_NUMBER_OBJECT_CONVERSION = YES_AGGRESSIVE;
				CLANG_CXX_LANGUAGE_STANDARD = "gnu++14";
				CLANG_CXX_LIBRARY = "libc++";
				CLANG_ENABLE_MODULES = YES;
				CLANG_ENABLE_OBJC_ARC = YES;
				CLANG_ENABLE_OBJC_WEAK = YES;
				CLANG_WARN_BLOCK_CAPTURE_AUTORELEASING = YES;
				CLANG_WARN_BOOL_CONVERSION = YES;
				CLANG_WARN_COMMA = YES;
				CLANG_WARN_CONSTANT_CONVERSION = YES;
				CLANG_WARN_DEPRECATED_OBJC_IMPLEMENTATIONS = YES;
				CLANG_WARN_DIRECT_OBJC_ISA_USAGE = YES_ERROR;
				CLANG_WARN_DOCUMENTATION_COMMENTS = YES;
				CLANG_WARN_EMPTY_BODY = YES;
				CLANG_WARN_ENUM_CONVERSION = YES;
				CLANG_WARN_INFINITE_RECURSION = YES;
				CLANG_WARN_INT_CONVERSION = YES;
				CLANG_WARN_NON_LITERAL_NULL_CONVERSION = YES;
				CLANG_WARN_OBJC_IMPLICIT_RETAIN_SELF = YES;
				CLANG_WARN_OBJC_LITERAL_CONVERSION = YES;
				CLANG_WARN_OBJC_ROOT_CLASS = YES_ERROR;
				CLANG_WARN_RANGE_LOOP_ANALYSIS = YES;
				CLANG_WARN_STRICT_PROTOTYPES = YES;
				CLANG_WARN_SUSPICIOUS_MOVE = YES;
				CLANG_WARN_UNGUARDED_AVAILABILITY = YES_AGGRESSIVE;
				CLANG_WARN_UNREACHABLE_CODE = YES;
				CLANG_WARN__DUPLICATE_METHOD_MATCH = YES;
				COPY_PHASE_STRIP = NO;
				DEBUG_INFORMATION_FORMAT = dwarf;
				ENABLE_STRICT_OBJC_MSGSEND = YES;
				ENABLE_TESTABILITY = YES;
				GCC_C_LANGUAGE_STANDARD = gnu11;
				GCC_DYNAMIC_NO_PIC = NO;
				GCC_NO_COMMON_BLOCKS = YES;
				GCC_OPTIMIZATION_LEVEL = 0;
				GCC_PREPROCESSOR_DEFINITIONS = (
					"DEBUG=1",
					"$(inherited)",
				);
				GCC_WARN_64_TO_32_BIT_CONVERSION = YES;
				GCC_WARN_ABOUT_RETURN_TYPE = YES_ERROR;
				GCC_WARN_UNDECLARED_SELECTOR = YES;
				GCC_WARN_UNINITIALIZED_AUTOS = YES_AGGRESSIVE;
				GCC_WARN_UNUSED_FUNCTION = YES;
				GCC_WARN_UNUSED_VARIABLE = YES;
				IPHONEOS_DEPLOYMENT_TARGET = 13.5;
				MTL_ENABLE_DEBUG_INFO = INCLUDE_SOURCE;
				MTL_FAST_MATH = YES;
				ONLY_ACTIVE_ARCH = YES;
				SDKROOT = iphoneos;
				SWIFT_ACTIVE_COMPILATION_CONDITIONS = DEBUG;
				SWIFT_OPTIMIZATION_LEVEL = "-Onone";
			};
			name = Debug;
		};
		D875B023264B533800FF3852 /* Release */ = {
			isa = XCBuildConfiguration;
			buildSettings = {
				ALWAYS_SEARCH_USER_PATHS = NO;
				CLANG_ANALYZER_NONNULL = YES;
				CLANG_ANALYZER_NUMBER_OBJECT_CONVERSION = YES_AGGRESSIVE;
				CLANG_CXX_LANGUAGE_STANDARD = "gnu++14";
				CLANG_CXX_LIBRARY = "libc++";
				CLANG_ENABLE_MODULES = YES;
				CLANG_ENABLE_OBJC_ARC = YES;
				CLANG_ENABLE_OBJC_WEAK = YES;
				CLANG_WARN_BLOCK_CAPTURE_AUTORELEASING = YES;
				CLANG_WARN_BOOL_CONVERSION = YES;
				CLANG_WARN_COMMA = YES;
				CLANG_WARN_CONSTANT_CONVERSION = YES;
				CLANG_WARN_DEPRECATED_OBJC_IMPLEMENTATIONS = YES;
				CLANG_WARN_DIRECT_OBJC_ISA_USAGE = YES_ERROR;
				CLANG_WARN_DOCUMENTATION_COMMENTS = YES;
				CLANG_WARN_EMPTY_BODY = YES;
				CLANG_WARN_ENUM_CONVERSION = YES;
				CLANG_WARN_INFINITE_RECURSION = YES;
				CLANG_WARN_INT_CONVERSION = YES;
				CLANG_WARN_NON_LITERAL_NULL_CONVERSION = YES;
				CLANG_WARN_OBJC_IMPLICIT_RETAIN_SELF = YES;
				CLANG_WARN_OBJC_LITERAL_CONVERSION = YES;
				CLANG_WARN_OBJC_ROOT_CLASS = YES_ERROR;
				CLANG_WARN_RANGE_LOOP_ANALYSIS = YES;
				CLANG_WARN_STRICT_PROTOTYPES = YES;
				CLANG_WARN_SUSPICIOUS_MOVE = YES;
				CLANG_WARN_UNGUARDED_AVAILABILITY = YES_AGGRESSIVE;
				CLANG_WARN_UNREACHABLE_CODE = YES;
				CLANG_WARN__DUPLICATE_METHOD_MATCH = YES;
				COPY_PHASE_STRIP = NO;
				DEBUG_INFORMATION_FORMAT = "dwarf-with-dsym";
				ENABLE_NS_ASSERTIONS = NO;
				ENABLE_STRICT_OBJC_MSGSEND = YES;
				GCC_C_LANGUAGE_STANDARD = gnu11;
				GCC_NO_COMMON_BLOCKS = YES;
				GCC_WARN_64_TO_32_BIT_CONVERSION = YES;
				GCC_WARN_ABOUT_RETURN_TYPE = YES_ERROR;
				GCC_WARN_UNDECLARED_SELECTOR = YES;
				GCC_WARN_UNINITIALIZED_AUTOS = YES_AGGRESSIVE;
				GCC_WARN_UNUSED_FUNCTION = YES;
				GCC_WARN_UNUSED_VARIABLE = YES;
				IPHONEOS_DEPLOYMENT_TARGET = 13.5;
				MTL_ENABLE_DEBUG_INFO = NO;
				MTL_FAST_MATH = YES;
				SDKROOT = iphoneos;
				SWIFT_COMPILATION_MODE = wholemodule;
				SWIFT_OPTIMIZATION_LEVEL = "-O";
				VALIDATE_PRODUCT = YES;
			};
			name = Release;
		};
		D875B025264B533800FF3852 /* Debug */ = {
			isa = XCBuildConfiguration;
			buildSettings = {
				ASSETCATALOG_COMPILER_APPICON_NAME = AppIcon;
				CODE_SIGN_STYLE = Automatic;
				INFOPLIST_FILE = Emojional/Info.plist;
				LD_RUNPATH_SEARCH_PATHS = (
					"$(inherited)",
					"@executable_path/Frameworks",
				);
				PRODUCT_BUNDLE_IDENTIFIER = "Julianne-Chen.Emojional";
				PRODUCT_NAME = "$(TARGET_NAME)";
				SWIFT_VERSION = 5.0;
				TARGETED_DEVICE_FAMILY = "1,2";
			};
			name = Debug;
		};
		D875B026264B533800FF3852 /* Release */ = {
			isa = XCBuildConfiguration;
			buildSettings = {
				ASSETCATALOG_COMPILER_APPICON_NAME = AppIcon;
				CODE_SIGN_STYLE = Automatic;
				INFOPLIST_FILE = Emojional/Info.plist;
				LD_RUNPATH_SEARCH_PATHS = (
					"$(inherited)",
					"@executable_path/Frameworks",
				);
				PRODUCT_BUNDLE_IDENTIFIER = "Julianne-Chen.Emojional";
				PRODUCT_NAME = "$(TARGET_NAME)";
				SWIFT_VERSION = 5.0;
				TARGETED_DEVICE_FAMILY = "1,2";
			};
			name = Release;
		};
		D875B028264B533800FF3852 /* Debug */ = {
			isa = XCBuildConfiguration;
			buildSettings = {
				ALWAYS_EMBED_SWIFT_STANDARD_LIBRARIES = YES;
				BUNDLE_LOADER = "$(TEST_HOST)";
				CODE_SIGN_STYLE = Automatic;
				INFOPLIST_FILE = EmojionalTests/Info.plist;
				IPHONEOS_DEPLOYMENT_TARGET = 13.5;
				LD_RUNPATH_SEARCH_PATHS = (
					"$(inherited)",
					"@executable_path/Frameworks",
					"@loader_path/Frameworks",
				);
				PRODUCT_BUNDLE_IDENTIFIER = "Julianne-Chen.EmojionalTests";
				PRODUCT_NAME = "$(TARGET_NAME)";
				SWIFT_VERSION = 5.0;
				TARGETED_DEVICE_FAMILY = "1,2";
				TEST_HOST = "$(BUILT_PRODUCTS_DIR)/Emojional.app/Emojional";
			};
			name = Debug;
		};
		D875B029264B533800FF3852 /* Release */ = {
			isa = XCBuildConfiguration;
			buildSettings = {
				ALWAYS_EMBED_SWIFT_STANDARD_LIBRARIES = YES;
				BUNDLE_LOADER = "$(TEST_HOST)";
				CODE_SIGN_STYLE = Automatic;
				INFOPLIST_FILE = EmojionalTests/Info.plist;
				IPHONEOS_DEPLOYMENT_TARGET = 13.5;
				LD_RUNPATH_SEARCH_PATHS = (
					"$(inherited)",
					"@executable_path/Frameworks",
					"@loader_path/Frameworks",
				);
				PRODUCT_BUNDLE_IDENTIFIER = "Julianne-Chen.EmojionalTests";
				PRODUCT_NAME = "$(TARGET_NAME)";
				SWIFT_VERSION = 5.0;
				TARGETED_DEVICE_FAMILY = "1,2";
				TEST_HOST = "$(BUILT_PRODUCTS_DIR)/Emojional.app/Emojional";
			};
			name = Release;
		};
		D875B02B264B533800FF3852 /* Debug */ = {
			isa = XCBuildConfiguration;
			buildSettings = {
				ALWAYS_EMBED_SWIFT_STANDARD_LIBRARIES = YES;
				CODE_SIGN_STYLE = Automatic;
				INFOPLIST_FILE = EmojionalUITests/Info.plist;
				LD_RUNPATH_SEARCH_PATHS = (
					"$(inherited)",
					"@executable_path/Frameworks",
					"@loader_path/Frameworks",
				);
				PRODUCT_BUNDLE_IDENTIFIER = "Julianne-Chen.EmojionalUITests";
				PRODUCT_NAME = "$(TARGET_NAME)";
				SWIFT_VERSION = 5.0;
				TARGETED_DEVICE_FAMILY = "1,2";
				TEST_TARGET_NAME = Emojional;
			};
			name = Debug;
		};
		D875B02C264B533800FF3852 /* Release */ = {
			isa = XCBuildConfiguration;
			buildSettings = {
				ALWAYS_EMBED_SWIFT_STANDARD_LIBRARIES = YES;
				CODE_SIGN_STYLE = Automatic;
				INFOPLIST_FILE = EmojionalUITests/Info.plist;
				LD_RUNPATH_SEARCH_PATHS = (
					"$(inherited)",
					"@executable_path/Frameworks",
					"@loader_path/Frameworks",
				);
				PRODUCT_BUNDLE_IDENTIFIER = "Julianne-Chen.EmojionalUITests";
				PRODUCT_NAME = "$(TARGET_NAME)";
				SWIFT_VERSION = 5.0;
				TARGETED_DEVICE_FAMILY = "1,2";
				TEST_TARGET_NAME = Emojional;
			};
			name = Release;
		};
/* End XCBuildConfiguration section */

/* Begin XCConfigurationList section */
		D875AFF2264B533200FF3852 /* Build configuration list for PBXProject "Emojional" */ = {
			isa = XCConfigurationList;
			buildConfigurations = (
				D875B022264B533800FF3852 /* Debug */,
				D875B023264B533800FF3852 /* Release */,
			);
			defaultConfigurationIsVisible = 0;
			defaultConfigurationName = Release;
		};
		D875B024264B533800FF3852 /* Build configuration list for PBXNativeTarget "Emojional" */ = {
			isa = XCConfigurationList;
			buildConfigurations = (
				D875B025264B533800FF3852 /* Debug */,
				D875B026264B533800FF3852 /* Release */,
			);
			defaultConfigurationIsVisible = 0;
			defaultConfigurationName = Release;
		};
		D875B027264B533800FF3852 /* Build configuration list for PBXNativeTarget "EmojionalTests" */ = {
			isa = XCConfigurationList;
			buildConfigurations = (
				D875B028264B533800FF3852 /* Debug */,
				D875B029264B533800FF3852 /* Release */,
			);
			defaultConfigurationIsVisible = 0;
			defaultConfigurationName = Release;
		};
		D875B02A264B533800FF3852 /* Build configuration list for PBXNativeTarget "EmojionalUITests" */ = {
			isa = XCConfigurationList;
			buildConfigurations = (
				D875B02B264B533800FF3852 /* Debug */,
				D875B02C264B533800FF3852 /* Release */,
			);
			defaultConfigurationIsVisible = 0;
			defaultConfigurationName = Release;
		};
/* End XCConfigurationList section */

/* Begin XCVersionGroup section */
		D875B003264B533200FF3852 /* Emojional.xcdatamodeld */ = {
			isa = XCVersionGroup;
			children = (
				D875B004264B533200FF3852 /* Emojional.xcdatamodel */,
			);
			currentVersion = D875B004264B533200FF3852 /* Emojional.xcdatamodel */;
			path = Emojional.xcdatamodeld;
			sourceTree = "<group>";
			versionGroupType = wrapper.xcdatamodel;
		};
/* End XCVersionGroup section */
	};
	rootObject = D875AFEF264B533200FF3852 /* Project object */;
}
